
Microsoft Visual Studio Solution File, Format Version 12.00
# Visual Studio Express 2012 for Windows Desktop
Project("{FAE04EC0-301F-11D3-BF4B-00C04F79EFBC}") = "UniTTT.Logik", "UniTTT.Logik\UniTTT.Logik.csproj", "{780D5F11-6414-4E55-A0C3-E3832DC3FA05}"
EndProject
Project("{FAE04EC0-301F-11D3-BF4B-00C04F79EFBC}") = "UniTTT.Konsole", "UniTTT.Konsole\UniTTT.Konsole.csproj", "{7244EDB5-5D80-44D9-931F-F91A74483DE8}"
EndProject
Project("{FAE04EC0-301F-11D3-BF4B-00C04F79EFBC}") = "UniTTT.ScreenSaver", "UniTTT.ScreenSaver\UniTTT.ScreenSaver.csproj", "{30D341D4-9587-42B4-8A1E-896F754C44A7}"
EndProject
Project("{FAE04EC0-301F-11D3-BF4B-00C04F79EFBC}") = "UniTTT.Plugin.FourConnect", "UniTTT.Plugin.FourConnect\UniTTT.Plugin.FourConnect.csproj", "{DF9DF131-6DEB-4C51-B4E5-0785429915E1}"
EndProject
Project("{FAE04EC0-301F-11D3-BF4B-00C04F79EFBC}") = "UniTTT.Gui", "UniTTT.Gui\UniTTT.Gui.csproj", "{9510897F-673C-4649-BF67-6E0E2625A5C2}"
EndProject
Project("{FAE04EC0-301F-11D3-BF4B-00C04F79EFBC}") = "UniTTT.Logik.Tests", "UniTTT.Logik.Tests\UniTTT.Logik.Tests.csproj", "{8AAF9AFB-8E8D-42B7-9D74-32A228852682}"
EndProject
Project("{FAE04EC0-301F-11D3-BF4B-00C04F79EFBC}") = "UniTTT.Plugin", "UniTTT.Plugin\UniTTT.Plugin.csproj", "{B50DA348-A5DF-40BA-B2EF-90C922A613C1}"
EndProject
Project("{FAE04EC0-301F-11D3-BF4B-00C04F79EFBC}") = "UniTTT.PathSystem", "UniTTT.PathSystem\UniTTT.PathSystem.csproj", "{29C31570-3C5C-4331-98B9-0A60190E4461}"
EndProject
Project("{FAE04EC0-301F-11D3-BF4B-00C04F79EFBC}") = "UniTTT.Interfaces", "UniTTT.Interfaces\UniTTT.Interfaces.csproj", "{ACE0D093-F0E3-4831-B258-0E425BCAB321}"
EndProject
Project("{FAE04EC0-301F-11D3-BF4B-00C04F79EFBC}") = "WizardFramework", "WizardFramework\WizardFramework.csproj", "{B0DE6FA7-7A61-476D-9345-A7FC76453207}"
EndProject
Global
	GlobalSection(SolutionConfigurationPlatforms) = preSolution
		Debug|Any CPU = Debug|Any CPU
		Debug|Mixed Platforms = Debug|Mixed Platforms
		Debug|x86 = Debug|x86
		Release|Any CPU = Release|Any CPU
		Release|Mixed Platforms = Release|Mixed Platforms
		Release|x86 = Release|x86
	EndGlobalSection
	GlobalSection(ProjectConfigurationPlatforms) = postSolution
		{780D5F11-6414-4E55-A0C3-E3832DC3FA05}.Debug|Any CPU.ActiveCfg = Debug|Any CPU
		{780D5F11-6414-4E55-A0C3-E3832DC3FA05}.Debug|Any CPU.Build.0 = Debug|Any CPU
		{780D5F11-6414-4E55-A0C3-E3832DC3FA05}.Debug|Mixed Platforms.ActiveCfg = Debug|x86
		{780D5F11-6414-4E55-A0C3-E3832DC3FA05}.Debug|Mixed Platforms.Build.0 = Debug|x86
		{780D5F11-6414-4E55-A0C3-E3832DC3FA05}.Debug|x86.ActiveCfg = Debug|x86
		{780D5F11-6414-4E55-A0C3-E3832DC3FA05}.Debug|x86.Build.0 = Debug|x86
		{780D5F11-6414-4E55-A0C3-E3832DC3FA05}.Release|Any CPU.ActiveCfg = Release|Any CPU
		{780D5F11-6414-4E55-A0C3-E3832DC3FA05}.Release|Any CPU.Build.0 = Release|Any CPU
		{780D5F11-6414-4E55-A0C3-E3832DC3FA05}.Release|Mixed Platforms.ActiveCfg = Release|Any CPU
		{780D5F11-6414-4E55-A0C3-E3832DC3FA05}.Release|x86.ActiveCfg = Release|Any CPU
		{780D5F11-6414-4E55-A0C3-E3832DC3FA05}.Release|x86.Build.0 = Release|Any CPU
		{7244EDB5-5D80-44D9-931F-F91A74483DE8}.Debug|Any CPU.ActiveCfg = Debug|Any CPU
		{7244EDB5-5D80-44D9-931F-F91A74483DE8}.Debug|Any CPU.Build.0 = Debug|Any CPU
		{7244EDB5-5D80-44D9-931F-F91A74483DE8}.Debug|Mixed Platforms.ActiveCfg = Debug|Any CPU
		{7244EDB5-5D80-44D9-931F-F91A74483DE8}.Debug|Mixed Platforms.Build.0 = Debug|Any CPU
		{7244EDB5-5D80-44D9-931F-F91A74483DE8}.Debug|x86.ActiveCfg = Debug|x86
		{7244EDB5-5D80-44D9-931F-F91A74483DE8}.Debug|x86.Build.0 = Debug|x86
		{7244EDB5-5D80-44D9-931F-F91A74483DE8}.Release|Any CPU.ActiveCfg = Release|Any CPU
		{7244EDB5-5D80-44D9-931F-F91A74483DE8}.Release|Any CPU.Build.0 = Release|Any CPU
		{7244EDB5-5D80-44D9-931F-F91A74483DE8}.Release|Mixed Platforms.ActiveCfg = Release|Any CPU
		{7244EDB5-5D80-44D9-931F-F91A74483DE8}.Release|x86.ActiveCfg = Release|Any CPU
		{7244EDB5-5D80-44D9-931F-F91A74483DE8}.Release|x86.Build.0 = Release|Any CPU
		{30D341D4-9587-42B4-8A1E-896F754C44A7}.Debug|Any CPU.ActiveCfg = Debug|Any CPU
		{30D341D4-9587-42B4-8A1E-896F754C44A7}.Debug|Any CPU.Build.0 = Debug|Any CPU
		{30D341D4-9587-42B4-8A1E-896F754C44A7}.Debug|Mixed Platforms.ActiveCfg = Debug|Any CPU
		{30D341D4-9587-42B4-8A1E-896F754C44A7}.Debug|Mixed Platforms.Build.0 = Debug|Any CPU
		{30D341D4-9587-42B4-8A1E-896F754C44A7}.Debug|x86.ActiveCfg = Debug|x86
		{30D341D4-9587-42B4-8A1E-896F754C44A7}.Debug|x86.Build.0 = Debug|x86
		{30D341D4-9587-42B4-8A1E-896F754C44A7}.Release|Any CPU.ActiveCfg = Release|Any CPU
		{30D341D4-9587-42B4-8A1E-896F754C44A7}.Release|Any CPU.Build.0 = Release|Any CPU
		{30D341D4-9587-42B4-8A1E-896F754C44A7}.Release|Mixed Platforms.ActiveCfg = Release|Any CPU
		{30D341D4-9587-42B4-8A1E-896F754C44A7}.Release|Mixed Platforms.Build.0 = Release|Any CPU
		{30D341D4-9587-42B4-8A1E-896F754C44A7}.Release|x86.ActiveCfg = Release|Any CPU
		{30D341D4-9587-42B4-8A1E-896F754C44A7}.Release|x86.Build.0 = Release|Any CPU
		{DF9DF131-6DEB-4C51-B4E5-0785429915E1}.Debug|Any CPU.ActiveCfg = Debug|Any CPU
		{DF9DF131-6DEB-4C51-B4E5-0785429915E1}.Debug|Any CPU.Build.0 = Debug|Any CPU
		{DF9DF131-6DEB-4C51-B4E5-0785429915E1}.Debug|Mixed Platforms.ActiveCfg = Debug|Any CPU
		{DF9DF131-6DEB-4C51-B4E5-0785429915E1}.Debug|Mixed Platforms.Build.0 = Debug|Any CPU
		{DF9DF131-6DEB-4C51-B4E5-0785429915E1}.Debug|x86.ActiveCfg = Debug|Any CPU
		{DF9DF131-6DEB-4C51-B4E5-0785429915E1}.Release|Any CPU.ActiveCfg = Release|Any CPU
		{DF9DF131-6DEB-4C51-B4E5-0785429915E1}.Release|Any CPU.Build.0 = Release|Any CPU
		{DF9DF131-6DEB-4C51-B4E5-0785429915E1}.Release|Mixed Platforms.ActiveCfg = Release|Any CPU
		{DF9DF131-6DEB-4C51-B4E5-0785429915E1}.Release|Mixed Platforms.Build.0 = Release|Any CPU
		{DF9DF131-6DEB-4C51-B4E5-0785429915E1}.Release|x86.ActiveCfg = Release|Any CPU
		{9510897F-673C-4649-BF67-6E0E2625A5C2}.Debug|Any CPU.ActiveCfg = Debug|Any CPU
		{9510897F-673C-4649-BF67-6E0E2625A5C2}.Debug|Any CPU.Build.0 = Debug|Any CPU
		{9510897F-673C-4649-BF67-6E0E2625A5C2}.Debug|Mixed Platforms.ActiveCfg = Debug|x86
		{9510897F-673C-4649-BF67-6E0E2625A5C2}.Debug|Mixed Platforms.Build.0 = Debug|x86
		{9510897F-673C-4649-BF67-6E0E2625A5C2}.Debug|x86.ActiveCfg = Debug|x86
		{9510897F-673C-4649-BF67-6E0E2625A5C2}.Debug|x86.Build.0 = Debug|x86
		{9510897F-673C-4649-BF67-6E0E2625A5C2}.Release|Any CPU.ActiveCfg = Release|x86
		{9510897F-673C-4649-BF67-6E0E2625A5C2}.Release|Any CPU.Build.0 = Release|x86
		{9510897F-673C-4649-BF67-6E0E2625A5C2}.Release|Mixed Platforms.ActiveCfg = Release|x86
		{9510897F-673C-4649-BF67-6E0E2625A5C2}.Release|Mixed Platforms.Build.0 = Release|x86
		{9510897F-673C-4649-BF67-6E0E2625A5C2}.Release|x86.ActiveCfg = Release|x86
		{9510897F-673C-4649-BF67-6E0E2625A5C2}.Release|x86.Build.0 = Release|x86
		{8AAF9AFB-8E8D-42B7-9D74-32A228852682}.Debug|Any CPU.ActiveCfg = Debug|Any CPU
		{8AAF9AFB-8E8D-42B7-9D74-32A228852682}.Debug|Any CPU.Build.0 = Debug|Any CPU
		{8AAF9AFB-8E8D-42B7-9D74-32A228852682}.Debug|Mixed Platforms.ActiveCfg = Debug|Any CPU
		{8AAF9AFB-8E8D-42B7-9D74-32A228852682}.Debug|Mixed Platforms.Build.0 = Debug|Any CPU
		{8AAF9AFB-8E8D-42B7-9D74-32A228852682}.Debug|x86.ActiveCfg = Debug|Any CPU
		{8AAF9AFB-8E8D-42B7-9D74-32A228852682}.Release|Any CPU.ActiveCfg = Release|Any CPU
		{8AAF9AFB-8E8D-42B7-9D74-32A228852682}.Release|Any CPU.Build.0 = Release|Any CPU
		{8AAF9AFB-8E8D-42B7-9D74-32A228852682}.Release|Mixed Platforms.ActiveCfg = Release|Any CPU
		{8AAF9AFB-8E8D-42B7-9D74-32A228852682}.Release|Mixed Platforms.Build.0 = Release|Any CPU
		{8AAF9AFB-8E8D-42B7-9D74-32A228852682}.Release|x86.ActiveCfg = Release|Any CPU
		{B50DA348-A5DF-40BA-B2EF-90C922A613C1}.Debug|Any CPU.ActiveCfg = Debug|Any CPU
		{B50DA348-A5DF-40BA-B2EF-90C922A613C1}.Debug|Any CPU.Build.0 = Debug|Any CPU
		{B50DA348-A5DF-40BA-B2EF-90C922A613C1}.Debug|Mixed Platforms.ActiveCfg = Debug|Any CPU
		{B50DA348-A5DF-40BA-B2EF-90C922A613C1}.Debug|Mixed Platforms.Build.0 = Debug|Any CPU
		{B50DA348-A5DF-40BA-B2EF-90C922A613C1}.Debug|x86.ActiveCfg = Debug|Any CPU
		{B50DA348-A5DF-40BA-B2EF-90C922A613C1}.Release|Any CPU.ActiveCfg = Release|Any CPU
		{B50DA348-A5DF-40BA-B2EF-90C922A613C1}.Release|Any CPU.Build.0 = Release|Any CPU
		{B50DA348-A5DF-40BA-B2EF-90C922A613C1}.Release|Mixed Platforms.ActiveCfg = Release|Any CPU
		{B50DA348-A5DF-40BA-B2EF-90C922A613C1}.Release|Mixed Platforms.Build.0 = Release|Any CPU
		{B50DA348-A5DF-40BA-B2EF-90C922A613C1}.Release|x86.ActiveCfg = Release|Any CPU
		{29C31570-3C5C-4331-98B9-0A60190E4461}.Debug|Any CPU.ActiveCfg = Debug|Any CPU
		{29C31570-3C5C-4331-98B9-0A60190E4461}.Debug|Any CPU.Build.0 = Debug|Any CPU
		{29C31570-3C5C-4331-98B9-0A60190E4461}.Debug|Mixed Platforms.ActiveCfg = Debug|Any CPU
		{29C31570-3C5C-4331-98B9-0A60190E4461}.Debug|Mixed Platforms.Build.0 = Debug|Any CPU
		{29C31570-3C5C-4331-98B9-0A60190E4461}.Debug|x86.ActiveCfg = Debug|Any CPU
		{29C31570-3C5C-4331-98B9-0A60190E4461}.Release|Any CPU.ActiveCfg = Release|Any CPU
		{29C31570-3C5C-4331-98B9-0A60190E4461}.Release|Any CPU.Build.0 = Release|Any CPU
		{29C31570-3C5C-4331-98B9-0A60190E4461}.Release|Mixed Platforms.ActiveCfg = Release|Any CPU
		{29C31570-3C5C-4331-98B9-0A60190E4461}.Release|Mixed Platforms.Build.0 = Release|Any CPU
		{29C31570-3C5C-4331-98B9-0A60190E4461}.Release|x86.ActiveCfg = Release|Any CPU
		{ACE0D093-F0E3-4831-B258-0E425BCAB321}.Debug|Any CPU.ActiveCfg = Debug|Any CPU
		{ACE0D093-F0E3-4831-B258-0E425BCAB321}.Debug|Any CPU.Build.0 = Debug|Any CPU
		{ACE0D093-F0E3-4831-B258-0E425BCAB321}.Debug|Mixed Platforms.ActiveCfg = Debug|Any CPU
		{ACE0D093-F0E3-4831-B258-0E425BCAB321}.Debug|Mixed Platforms.Build.0 = Debug|Any CPU
		{ACE0D093-F0E3-4831-B258-0E425BCAB321}.Debug|x86.ActiveCfg = Debug|Any CPU
		{ACE0D093-F0E3-4831-B258-0E425BCAB321}.Release|Any CPU.ActiveCfg = Release|Any CPU
		{ACE0D093-F0E3-4831-B258-0E425BCAB321}.Release|Any CPU.Build.0 = Release|Any CPU
		{ACE0D093-F0E3-4831-B258-0E425BCAB321}.Release|Mixed Platforms.ActiveCfg = Release|Any CPU
		{ACE0D093-F0E3-4831-B258-0E425BCAB321}.Release|Mixed Platforms.Build.0 = Release|Any CPU
		{ACE0D093-F0E3-4831-B258-0E425BCAB321}.Release|x86.ActiveCfg = Release|Any CPU
		{B0DE6FA7-7A61-476D-9345-A7FC76453207}.Debug|Any CPU.ActiveCfg = Debug|Any CPU
		{B0DE6FA7-7A61-476D-9345-A7FC76453207}.Debug|Any CPU.Build.0 = Debug|Any CPU
		{B0DE6FA7-7A61-476D-9345-A7FC76453207}.Debug|Mixed Platforms.ActiveCfg = Debug|Any CPU
		{B0DE6FA7-7A61-476D-9345-A7FC76453207}.Debug|Mixed Platforms.Build.0 = Debug|Any CPU
		{B0DE6FA7-7A61-476D-9345-A7FC76453207}.Debug|x86.ActiveCfg = Debug|Any CPU
		{B0DE6FA7-7A61-476D-9345-A7FC76453207}.Release|Any CPU.ActiveCfg = Release|Any CPU
		{B0DE6FA7-7A61-476D-9345-A7FC76453207}.Release|Any CPU.Build.0 = Release|Any CPU
		{B0DE6FA7-7A61-476D-9345-A7FC76453207}.Release|Mixed Platforms.ActiveCfg = Release|Any CPU
		{B0DE6FA7-7A61-476D-9345-A7FC76453207}.Release|Mixed Platforms.Build.0 = Release|Any CPU
		{B0DE6FA7-7A61-476D-9345-A7FC76453207}.Release|x86.ActiveCfg = Release|Any CPU
	EndGlobalSection
	GlobalSection(SolutionProperties) = preSolution
		HideSolutionNode = FALSE
	EndGlobalSection
	GlobalSection(MonoDevelopProperties) = preSolution
		StartupItem = UniTTT.TestXNA\UniTTT.TestXNA.csproj
	EndGlobalSection
EndGlobal
