
Microsoft Visual Studio Solution File, Format Version 11.00
# Visual C# Express 2010
Project("{FAE04EC0-301F-11D3-BF4B-00C04F79EFBC}") = "UniTTT.Logik", "UniTTT.Logik\UniTTT.Logik.csproj", "{780D5F11-6414-4E55-A0C3-E3832DC3FA05}"
EndProject
Project("{FAE04EC0-301F-11D3-BF4B-00C04F79EFBC}") = "UniTTT.Konsole", "UniTTT.Konsole\UniTTT.Konsole.csproj", "{7244EDB5-5D80-44D9-931F-F91A74483DE8}"
EndProject
Global
	GlobalSection(SolutionConfigurationPlatforms) = preSolution
		Debug|Any CPU = Debug|Any CPU
		Debug|Mixed Platforms = Debug|Mixed Platforms
		Debug|x86 = Debug|x86
		Release|Any CPU = Release|Any CPU
		Release|Mixed Platforms = Release|Mixed Platforms
		Release|x86 = Release|x86
	EndGlobalSection
	GlobalSection(ProjectConfigurationPlatforms) = postSolution
		{780D5F11-6414-4E55-A0C3-E3832DC3FA05}.Debug|Any CPU.ActiveCfg = Debug|Any CPU
		{780D5F11-6414-4E55-A0C3-E3832DC3FA05}.Debug|Any CPU.Build.0 = Debug|Any CPU
		{780D5F11-6414-4E55-A0C3-E3832DC3FA05}.Debug|Mixed Platforms.ActiveCfg = Debug|Any CPU
		{780D5F11-6414-4E55-A0C3-E3832DC3FA05}.Debug|Mixed Platforms.Build.0 = Debug|Any CPU
		{780D5F11-6414-4E55-A0C3-E3832DC3FA05}.Debug|x86.ActiveCfg = Debug|Any CPU
		{780D5F11-6414-4E55-A0C3-E3832DC3FA05}.Release|Any CPU.ActiveCfg = Release|Any CPU
		{780D5F11-6414-4E55-A0C3-E3832DC3FA05}.Release|Any CPU.Build.0 = Release|Any CPU
		{780D5F11-6414-4E55-A0C3-E3832DC3FA05}.Release|Mixed Platforms.ActiveCfg = Release|Any CPU
		{780D5F11-6414-4E55-A0C3-E3832DC3FA05}.Release|Mixed Platforms.Build.0 = Release|Any CPU
		{780D5F11-6414-4E55-A0C3-E3832DC3FA05}.Release|x86.ActiveCfg = Release|Any CPU
		{7244EDB5-5D80-44D9-931F-F91A74483DE8}.Debug|Any CPU.ActiveCfg = Debug|x86
		{7244EDB5-5D80-44D9-931F-F91A74483DE8}.Debug|Mixed Platforms.ActiveCfg = Debug|x86
		{7244EDB5-5D80-44D9-931F-F91A74483DE8}.Debug|Mixed Platforms.Build.0 = Debug|x86
		{7244EDB5-5D80-44D9-931F-F91A74483DE8}.Debug|x86.ActiveCfg = Debug|x86
		{7244EDB5-5D80-44D9-931F-F91A74483DE8}.Debug|x86.Build.0 = Debug|x86
		{7244EDB5-5D80-44D9-931F-F91A74483DE8}.Release|Any CPU.ActiveCfg = Release|x86
		{7244EDB5-5D80-44D9-931F-F91A74483DE8}.Release|Mixed Platforms.ActiveCfg = Release|x86
		{7244EDB5-5D80-44D9-931F-F91A74483DE8}.Release|Mixed Platforms.Build.0 = Release|x86
		{7244EDB5-5D80-44D9-931F-F91A74483DE8}.Release|x86.ActiveCfg = Release|x86
		{7244EDB5-5D80-44D9-931F-F91A74483DE8}.Release|x86.Build.0 = Release|x86
	EndGlobalSection
	GlobalSection(SolutionProperties) = preSolution
		HideSolutionNode = FALSE
	EndGlobalSection
	GlobalSection(MonoDevelopProperties) = preSolution
		StartupItem = TicTacToe\TicTacToe.Konsole.csproj
	EndGlobalSection
EndGlobal
