
Microsoft Visual Studio Solution File, Format Version 11.00
# Visual C# Express 2010
Project("{FAE04EC0-301F-11D3-BF4B-00C04F79EFBC}") = "UniTTT.Plugin.FourConnect", "UniTTT.Plugin.FourConnect\UniTTT.Plugin.FourConnect.csproj", "{DF9DF131-6DEB-4C51-B4E5-0785429915E1}"
EndProject
Global
	GlobalSection(SolutionConfigurationPlatforms) = preSolution
		Debug|Any CPU = Debug|Any CPU
		Release|Any CPU = Release|Any CPU
	EndGlobalSection
	GlobalSection(ProjectConfigurationPlatforms) = postSolution
		{DF9DF131-6DEB-4C51-B4E5-0785429915E1}.Debug|Any CPU.ActiveCfg = Debug|Any CPU
		{DF9DF131-6DEB-4C51-B4E5-0785429915E1}.Debug|Any CPU.Build.0 = Debug|Any CPU
		{DF9DF131-6DEB-4C51-B4E5-0785429915E1}.Release|Any CPU.ActiveCfg = Release|Any CPU
		{DF9DF131-6DEB-4C51-B4E5-0785429915E1}.Release|Any CPU.Build.0 = Release|Any CPU
	EndGlobalSection
	GlobalSection(SolutionProperties) = preSolution
		HideSolutionNode = FALSE
	EndGlobalSection
EndGlobal
